{
  "lockfileVersion": 1,
  "configVersion": 0,
  "workspaces": {
    "": {
      "name": "example-bun-cloud",
      "dependencies": {
        "wts-core": "file:../../",
      },
      "devDependencies": {
        "@types/bun": "latest",
      },
    },
  },
  "packages": {
    "@types/bun": ["@types/bun@1.3.3", "", { "dependencies": { "bun-types": "1.3.3" } }, "sha512-ogrKbJ2X5N0kWLLFKeytG0eHDleBYtngtlbu9cyBKFtNL3cnpDZkNdQj8flVf6WTZUX5ulI9AY1oa7ljhSrp+g=="],

    "@types/node": ["@types/node@24.10.1", "", { "dependencies": { "undici-types": "~7.16.0" } }, ""],

    "bun-types": ["bun-types@1.3.3", "", { "dependencies": { "@types/node": "*" } }, ""],

    "undici-types": ["undici-types@7.16.0", "", {}, ""],

    "wts-core": ["/..@file:../..", { "devDependencies": { "@types/bun": "^1.3.3", "@types/node": "^24.10.1" }, "peerDependencies": { "fluent-ffmpeg": "^2.1.3", "sharp": "^0.34.5" }, "optionalPeers": ["fluent-ffmpeg", "sharp"] }],
  }
}
